
Microsoft Visual Studio Solution File, Format Version 12.00
# Visual Studio Version 16
VisualStudioVersion = 16.0.29728.190
MinimumVisualStudioVersion = 10.0.40219.1
Project("{FAE04EC0-301F-11D3-BF4B-00C04F79EFBC}") = "SehirRehberi", "SehirRehberi.csproj", "{5F5D0A06-92D8-4FFC-8147-74405DA5AB38}"
EndProject
Global
	GlobalSection(SolutionConfigurationPlatforms) = preSolution
		Debug|Any CPU = Debug|Any CPU
		Release|Any CPU = Release|Any CPU
	EndGlobalSection
	GlobalSection(ProjectConfigurationPlatforms) = postSolution
		{5F5D0A06-92D8-4FFC-8147-74405DA5AB38}.Debug|Any CPU.ActiveCfg = Debug|Any CPU
		{5F5D0A06-92D8-4FFC-8147-74405DA5AB38}.Debug|Any CPU.Build.0 = Debug|Any CPU
		{5F5D0A06-92D8-4FFC-8147-74405DA5AB38}.Release|Any CPU.ActiveCfg = Release|Any CPU
		{5F5D0A06-92D8-4FFC-8147-74405DA5AB38}.Release|Any CPU.Build.0 = Release|Any CPU
	EndGlobalSection
	GlobalSection(SolutionProperties) = preSolution
		HideSolutionNode = FALSE
	EndGlobalSection
	GlobalSection(ExtensibilityGlobals) = postSolution
		SolutionGuid = {96F0FBC6-C4FA-46EF-8941-1376446CF46E}
	EndGlobalSection
EndGlobal
